
Microsoft Visual Studio Solution File, Format Version 12.00
# Visual Studio Version 17
VisualStudioVersion = 17.0.31903.59
MinimumVisualStudioVersion = 10.0.40219.1
Project("{2150E333-8FDC-42A3-9474-1A3956D46DE8}") = "Services", "Services", "{63995516-D49D-4784-9D51-0946ADB4A6CF}"
EndProject
Project("{2150E333-8FDC-42A3-9474-1A3956D46DE8}") = "Gene", "Gene", "{7E67277B-BE2E-419E-96C8-BFF5DEA18B93}"
EndProject
Project("{FAE04EC0-301F-11D3-BF4B-00C04F79EFBC}") = "Gene.API", "Services\Gene\Gene.API\Gene.API.csproj", "{40A0DBB5-1F14-42B4-B77D-15B57DBFA1AF}"
EndProject
Project("{E53339B2-1760-4266-BCC7-CA923CBCF16C}") = "docker-compose", "docker-compose.dcproj", "{5DEFFCAF-631A-4A01-B3D6-4923ABE06D94}"
EndProject
Global
	GlobalSection(SolutionConfigurationPlatforms) = preSolution
		Debug|Any CPU = Debug|Any CPU
		Release|Any CPU = Release|Any CPU
	EndGlobalSection
	GlobalSection(SolutionProperties) = preSolution
		HideSolutionNode = FALSE
	EndGlobalSection
	GlobalSection(ProjectConfigurationPlatforms) = postSolution
		{40A0DBB5-1F14-42B4-B77D-15B57DBFA1AF}.Debug|Any CPU.ActiveCfg = Debug|Any CPU
		{40A0DBB5-1F14-42B4-B77D-15B57DBFA1AF}.Debug|Any CPU.Build.0 = Debug|Any CPU
		{40A0DBB5-1F14-42B4-B77D-15B57DBFA1AF}.Release|Any CPU.ActiveCfg = Release|Any CPU
		{40A0DBB5-1F14-42B4-B77D-15B57DBFA1AF}.Release|Any CPU.Build.0 = Release|Any CPU
		{5DEFFCAF-631A-4A01-B3D6-4923ABE06D94}.Debug|Any CPU.ActiveCfg = Debug|Any CPU
		{5DEFFCAF-631A-4A01-B3D6-4923ABE06D94}.Debug|Any CPU.Build.0 = Debug|Any CPU
		{5DEFFCAF-631A-4A01-B3D6-4923ABE06D94}.Release|Any CPU.ActiveCfg = Release|Any CPU
		{5DEFFCAF-631A-4A01-B3D6-4923ABE06D94}.Release|Any CPU.Build.0 = Release|Any CPU
	EndGlobalSection
	GlobalSection(NestedProjects) = preSolution
		{7E67277B-BE2E-419E-96C8-BFF5DEA18B93} = {63995516-D49D-4784-9D51-0946ADB4A6CF}
		{40A0DBB5-1F14-42B4-B77D-15B57DBFA1AF} = {7E67277B-BE2E-419E-96C8-BFF5DEA18B93}
	EndGlobalSection
EndGlobal
