
Microsoft Visual Studio Solution File, Format Version 12.00
# Visual Studio Version 17
VisualStudioVersion = 17.0.31903.59
MinimumVisualStudioVersion = 10.0.40219.1
Project("{E53339B2-1760-4266-BCC7-CA923CBCF16C}") = "docker-compose", "docker-compose.dcproj", "{5DEFFCAF-631A-4A01-B3D6-4923ABE06D94}"
EndProject
Project("{2150E333-8FDC-42A3-9474-1A3956D46DE8}") = "BuildingBlocks", "BuildingBlocks", "{04CEED0D-BC58-41A0-BE07-EEA2E390CBCA}"
EndProject
Project("{FAE04EC0-301F-11D3-BF4B-00C04F79EFBC}") = "CQRS.Core", "BuildingBlocks\CQRS.Core\CQRS.Core.csproj", "{F950D1EA-88C3-429A-8416-28CD4025D937}"
EndProject
Project("{2150E333-8FDC-42A3-9474-1A3956D46DE8}") = "Services", "Services", "{79F11BCD-6C26-49A9-A1C5-C31A033806D9}"
EndProject
Project("{2150E333-8FDC-42A3-9474-1A3956D46DE8}") = "Gene", "Gene", "{ABF6D605-7B85-40BC-A3B8-6D0807962925}"
EndProject
Project("{FAE04EC0-301F-11D3-BF4B-00C04F79EFBC}") = "Gene.API", "Services\Gene\Gene.API\Gene.API.csproj", "{71750756-110C-43CD-8CF2-19EB815B9953}"
EndProject
Project("{FAE04EC0-301F-11D3-BF4B-00C04F79EFBC}") = "Gene.Application", "Services\Gene\Gene.Application\Gene.Application.csproj", "{7D268FC5-56D6-4F56-91AD-FCD052554DD1}"
EndProject
Project("{FAE04EC0-301F-11D3-BF4B-00C04F79EFBC}") = "Gene.Domain", "Services\Gene\Gene.Domain\Gene.Domain.csproj", "{6B49ECBE-234C-4632-A479-CD9EE9350A47}"
EndProject
Project("{FAE04EC0-301F-11D3-BF4B-00C04F79EFBC}") = "Gene.Test", "Services\Gene\Gene.Test\Gene.Test.csproj", "{CA6B2108-BE22-44EE-92D2-22A97055B652}"
EndProject
Project("{FAE04EC0-301F-11D3-BF4B-00C04F79EFBC}") = "Daikon.Events", "BuildingBlocks\Daikon.Events\Daikon.Events.csproj", "{6DC3BA2A-4422-4C23-9903-4D14CBA9BB9C}"
EndProject
Project("{FAE04EC0-301F-11D3-BF4B-00C04F79EFBC}") = "Gene.Infrastructure", "Services\Gene\Gene.Infrastructure\Gene.Infrastructure.csproj", "{009C1CC0-75AA-4E8F-9F5A-D14988C78382}"
EndProject
Project("{FAE04EC0-301F-11D3-BF4B-00C04F79EFBC}") = "Daikon.EventStore", "BuildingBlocks\Daikon.EventStore\Daikon.EventStore.csproj", "{35D06BF1-B8C0-4C71-B995-8A95B198D28F}"
EndProject
Project("{FAE04EC0-301F-11D3-BF4B-00C04F79EFBC}") = "Daikon.VersionStore", "BuildingBlocks\Daikon.VersionStore\Daikon.VersionStore.csproj", "{4D9D7FC8-1037-49B9-AEC1-3D6F1783DA7D}"
EndProject
Project("{2150E333-8FDC-42A3-9474-1A3956D46DE8}") = "Target", "Target", "{C9ED28D9-AD5F-41B1-B799-2CF790062F24}"
EndProject
Project("{FAE04EC0-301F-11D3-BF4B-00C04F79EFBC}") = "Target.Domain", "Services\Target\Target.Domain\Target.Domain.csproj", "{4A75BFD3-9BD8-4870-B34A-7660532CB8B8}"
EndProject
Project("{FAE04EC0-301F-11D3-BF4B-00C04F79EFBC}") = "Target.Application", "Services\Target\Target.Application\Target.Application.csproj", "{1C2B6616-3635-46FE-BD4B-1732DE9C8696}"
EndProject
Project("{FAE04EC0-301F-11D3-BF4B-00C04F79EFBC}") = "Target.API", "Services\Target\Target.API\Target.API.csproj", "{ABF292DA-126A-43BE-8934-D5D64F136A4D}"
EndProject
Project("{FAE04EC0-301F-11D3-BF4B-00C04F79EFBC}") = "Target.Infrastructure", "Services\Target\Target.Infrastructure\Target.Infrastructure.csproj", "{47CE65DB-D56A-4DA0-A80D-2E0816B1D291}"
EndProject
Project("{2150E333-8FDC-42A3-9474-1A3956D46DE8}") = "Screen", "Screen", "{E27B76CF-BCAD-4AF0-84C2-75BF5F41AA38}"
EndProject
Project("{FAE04EC0-301F-11D3-BF4B-00C04F79EFBC}") = "Screen.API", "Services\Screen\Screen.API\Screen.API.csproj", "{37068A99-08FA-4F47-985C-FA5F7F4394B8}"
EndProject
Project("{FAE04EC0-301F-11D3-BF4B-00C04F79EFBC}") = "Screen.Domain", "Services\Screen\Screen.Domain\Screen.Domain.csproj", "{12D937F5-B7BC-4CCE-84FB-FECA8C24E8EB}"
EndProject
Project("{FAE04EC0-301F-11D3-BF4B-00C04F79EFBC}") = "Screen.Application", "Services\Screen\Screen.Application\Screen.Application.csproj", "{ED97245E-4D4A-404C-AC6A-F5CC5AF2CC53}"
EndProject
Project("{FAE04EC0-301F-11D3-BF4B-00C04F79EFBC}") = "Screen.Infrastructure", "Services\Screen\Screen.Infrastructure\Screen.Infrastructure.csproj", "{2E28945E-C92A-407D-BE31-CEFF563D590A}"
EndProject
Project("{2150E333-8FDC-42A3-9474-1A3956D46DE8}") = "HitAssessment", "HitAssessment", "{33F713DB-01AE-4665-BBC2-E70187DA0D04}"
EndProject
Project("{FAE04EC0-301F-11D3-BF4B-00C04F79EFBC}") = "HitAssessment.Domain", "Services\HitAssessment\HitAssessment.Domain\HitAssessment.Domain.csproj", "{408772E9-C49A-4EEF-8905-9977FB3863D0}"
EndProject
Project("{FAE04EC0-301F-11D3-BF4B-00C04F79EFBC}") = "HitAssessment.Application", "Services\HitAssessment\HitAssessment.Application\HitAssessment.Application.csproj", "{01484629-FCA3-4619-A625-3F3D7ADCC260}"
EndProject
Project("{FAE04EC0-301F-11D3-BF4B-00C04F79EFBC}") = "HitAssessment.Infrastructure", "Services\HitAssessment\HitAssessment.Infrastructure\HitAssessment.Infrastructure.csproj", "{92EC0B85-0E1F-4960-BEDC-616DE258FC24}"
EndProject
Project("{FAE04EC0-301F-11D3-BF4B-00C04F79EFBC}") = "HitAssessment.API", "Services\HitAssessment\HitAssessment.API\HitAssessment.API.csproj", "{30CA1C30-92BD-417B-8A9C-D0AA8E61051C}"
EndProject
Project("{2150E333-8FDC-42A3-9474-1A3956D46DE8}") = "Project", "Project", "{10886D17-5C03-407F-9DFB-5663F330D06A}"
EndProject
Project("{FAE04EC0-301F-11D3-BF4B-00C04F79EFBC}") = "Project.Domain", "Services\Project\Project.Domain\Project.Domain.csproj", "{069E4E48-A2C7-4821-B0B4-EC1C2352F88E}"
EndProject
Project("{FAE04EC0-301F-11D3-BF4B-00C04F79EFBC}") = "Project.Application", "Services\Project\Project.Application\Project.Application.csproj", "{D7EA565E-1C2B-4095-ABAC-505E13D019D8}"
EndProject
Project("{FAE04EC0-301F-11D3-BF4B-00C04F79EFBC}") = "Project.Infrastructure", "Services\Project\Project.Infrastructure\Project.Infrastructure.csproj", "{9223BE11-122C-4F77-8A47-3361AB918057}"
EndProject
Project("{FAE04EC0-301F-11D3-BF4B-00C04F79EFBC}") = "Project.API", "Services\Project\Project.API\Project.API.csproj", "{3CCD7370-3AB8-4917-B821-0DBE7C361834}"
EndProject
Project("{2150E333-8FDC-42A3-9474-1A3956D46DE8}") = "Horizon", "Horizon", "{BF3EF9F0-FCA4-4B34-B097-C0C7727F8832}"
EndProject
Project("{FAE04EC0-301F-11D3-BF4B-00C04F79EFBC}") = "Horizon.API", "Services\Horizon\Horizon.API\Horizon.API.csproj", "{F30D4423-ADAB-4ABA-B9E1-E90A90C2A46B}"
EndProject
Project("{FAE04EC0-301F-11D3-BF4B-00C04F79EFBC}") = "Horizon.Domain", "Services\Horizon\Horizon.Domain\Horizon.Domain.csproj", "{9A7AA74F-118C-47EF-AD4A-984C7131BC60}"
EndProject
Project("{FAE04EC0-301F-11D3-BF4B-00C04F79EFBC}") = "Horizon.Infrastructure", "Services\Horizon\Horizon.Infrastructure\Horizon.Infrastructure.csproj", "{A2329447-E6A4-4E5C-8C7A-E794C3334E45}"
EndProject
Project("{FAE04EC0-301F-11D3-BF4B-00C04F79EFBC}") = "Horizon.Application", "Services\Horizon\Horizon.Application\Horizon.Application.csproj", "{906DD315-BC97-431C-AA6E-F67CDB805477}"
EndProject
Project("{FAE04EC0-301F-11D3-BF4B-00C04F79EFBC}") = "Horizon.Test", "Services\Horizon\Horizon.Test\Horizon.Test.csproj", "{54BE8A04-F228-444F-B21C-42A214C440BC}"
EndProject
Project("{2150E333-8FDC-42A3-9474-1A3956D46DE8}") = "ApiGateways", "ApiGateways", "{B85F13C7-389C-46FF-ADDD-3E092A00AB2E}"
EndProject
Project("{FAE04EC0-301F-11D3-BF4B-00C04F79EFBC}") = "OcelotApiGw", "ApiGateways\OcelotApiGw\OcelotApiGw.csproj", "{F90B3966-B7E5-456A-8C68-BC8E68F9EC01}"
EndProject
Project("{2150E333-8FDC-42A3-9474-1A3956D46DE8}") = "Identities", "Identities", "{B1111514-8D31-47C5-86A9-8164526D900D}"
EndProject
Project("{2150E333-8FDC-42A3-9474-1A3956D46DE8}") = "UserStore", "UserStore", "{BD6A14D3-BDB0-43CA-B96F-5A72649E7CD7}"
EndProject
Project("{FAE04EC0-301F-11D3-BF4B-00C04F79EFBC}") = "UserStore.API", "Identities\UserStore\UserStore.API\UserStore.API.csproj", "{5F8ECC60-923A-4EDD-BF3D-24345FAE8421}"
EndProject
Project("{FAE04EC0-301F-11D3-BF4B-00C04F79EFBC}") = "UserStore.Application", "Identities\UserStore\UserStore.Application\UserStore.Application.csproj", "{BFE17E89-EDC6-495F-9052-1149C13A010E}"
EndProject
Project("{FAE04EC0-301F-11D3-BF4B-00C04F79EFBC}") = "UserStore.Infrastructure", "Identities\UserStore\UserStore.Infrastructure\UserStore.Infrastructure.csproj", "{DCB6FC76-FCC6-40DC-840B-41227B159CBB}"
EndProject
Project("{FAE04EC0-301F-11D3-BF4B-00C04F79EFBC}") = "UserStore.Domain", "Identities\UserStore\UserStore.Domain\UserStore.Domain.csproj", "{414AAB57-8BFE-4B74-B81E-489544C65B53}"
EndProject
Global
	GlobalSection(SolutionConfigurationPlatforms) = preSolution
		Debug|Any CPU = Debug|Any CPU
		Release|Any CPU = Release|Any CPU
	EndGlobalSection
	GlobalSection(SolutionProperties) = preSolution
		HideSolutionNode = FALSE
	EndGlobalSection
	GlobalSection(ProjectConfigurationPlatforms) = postSolution
		{5DEFFCAF-631A-4A01-B3D6-4923ABE06D94}.Debug|Any CPU.ActiveCfg = Debug|Any CPU
		{5DEFFCAF-631A-4A01-B3D6-4923ABE06D94}.Debug|Any CPU.Build.0 = Debug|Any CPU
		{5DEFFCAF-631A-4A01-B3D6-4923ABE06D94}.Release|Any CPU.ActiveCfg = Release|Any CPU
		{5DEFFCAF-631A-4A01-B3D6-4923ABE06D94}.Release|Any CPU.Build.0 = Release|Any CPU
		{F950D1EA-88C3-429A-8416-28CD4025D937}.Debug|Any CPU.ActiveCfg = Debug|Any CPU
		{F950D1EA-88C3-429A-8416-28CD4025D937}.Debug|Any CPU.Build.0 = Debug|Any CPU
		{F950D1EA-88C3-429A-8416-28CD4025D937}.Release|Any CPU.ActiveCfg = Release|Any CPU
		{F950D1EA-88C3-429A-8416-28CD4025D937}.Release|Any CPU.Build.0 = Release|Any CPU
		{71750756-110C-43CD-8CF2-19EB815B9953}.Debug|Any CPU.ActiveCfg = Debug|Any CPU
		{71750756-110C-43CD-8CF2-19EB815B9953}.Debug|Any CPU.Build.0 = Debug|Any CPU
		{71750756-110C-43CD-8CF2-19EB815B9953}.Release|Any CPU.ActiveCfg = Release|Any CPU
		{71750756-110C-43CD-8CF2-19EB815B9953}.Release|Any CPU.Build.0 = Release|Any CPU
		{7D268FC5-56D6-4F56-91AD-FCD052554DD1}.Debug|Any CPU.ActiveCfg = Debug|Any CPU
		{7D268FC5-56D6-4F56-91AD-FCD052554DD1}.Debug|Any CPU.Build.0 = Debug|Any CPU
		{7D268FC5-56D6-4F56-91AD-FCD052554DD1}.Release|Any CPU.ActiveCfg = Release|Any CPU
		{7D268FC5-56D6-4F56-91AD-FCD052554DD1}.Release|Any CPU.Build.0 = Release|Any CPU
		{6B49ECBE-234C-4632-A479-CD9EE9350A47}.Debug|Any CPU.ActiveCfg = Debug|Any CPU
		{6B49ECBE-234C-4632-A479-CD9EE9350A47}.Debug|Any CPU.Build.0 = Debug|Any CPU
		{6B49ECBE-234C-4632-A479-CD9EE9350A47}.Release|Any CPU.ActiveCfg = Release|Any CPU
		{6B49ECBE-234C-4632-A479-CD9EE9350A47}.Release|Any CPU.Build.0 = Release|Any CPU
		{CA6B2108-BE22-44EE-92D2-22A97055B652}.Debug|Any CPU.ActiveCfg = Debug|Any CPU
		{CA6B2108-BE22-44EE-92D2-22A97055B652}.Debug|Any CPU.Build.0 = Debug|Any CPU
		{CA6B2108-BE22-44EE-92D2-22A97055B652}.Release|Any CPU.ActiveCfg = Release|Any CPU
		{CA6B2108-BE22-44EE-92D2-22A97055B652}.Release|Any CPU.Build.0 = Release|Any CPU
		{6DC3BA2A-4422-4C23-9903-4D14CBA9BB9C}.Debug|Any CPU.ActiveCfg = Debug|Any CPU
		{6DC3BA2A-4422-4C23-9903-4D14CBA9BB9C}.Debug|Any CPU.Build.0 = Debug|Any CPU
		{6DC3BA2A-4422-4C23-9903-4D14CBA9BB9C}.Release|Any CPU.ActiveCfg = Release|Any CPU
		{6DC3BA2A-4422-4C23-9903-4D14CBA9BB9C}.Release|Any CPU.Build.0 = Release|Any CPU
		{009C1CC0-75AA-4E8F-9F5A-D14988C78382}.Debug|Any CPU.ActiveCfg = Debug|Any CPU
		{009C1CC0-75AA-4E8F-9F5A-D14988C78382}.Debug|Any CPU.Build.0 = Debug|Any CPU
		{009C1CC0-75AA-4E8F-9F5A-D14988C78382}.Release|Any CPU.ActiveCfg = Release|Any CPU
		{009C1CC0-75AA-4E8F-9F5A-D14988C78382}.Release|Any CPU.Build.0 = Release|Any CPU
		{35D06BF1-B8C0-4C71-B995-8A95B198D28F}.Debug|Any CPU.ActiveCfg = Debug|Any CPU
		{35D06BF1-B8C0-4C71-B995-8A95B198D28F}.Debug|Any CPU.Build.0 = Debug|Any CPU
		{35D06BF1-B8C0-4C71-B995-8A95B198D28F}.Release|Any CPU.ActiveCfg = Release|Any CPU
		{35D06BF1-B8C0-4C71-B995-8A95B198D28F}.Release|Any CPU.Build.0 = Release|Any CPU
		{4D9D7FC8-1037-49B9-AEC1-3D6F1783DA7D}.Debug|Any CPU.ActiveCfg = Debug|Any CPU
		{4D9D7FC8-1037-49B9-AEC1-3D6F1783DA7D}.Debug|Any CPU.Build.0 = Debug|Any CPU
		{4D9D7FC8-1037-49B9-AEC1-3D6F1783DA7D}.Release|Any CPU.ActiveCfg = Release|Any CPU
		{4D9D7FC8-1037-49B9-AEC1-3D6F1783DA7D}.Release|Any CPU.Build.0 = Release|Any CPU
		{4A75BFD3-9BD8-4870-B34A-7660532CB8B8}.Debug|Any CPU.ActiveCfg = Debug|Any CPU
		{4A75BFD3-9BD8-4870-B34A-7660532CB8B8}.Debug|Any CPU.Build.0 = Debug|Any CPU
		{4A75BFD3-9BD8-4870-B34A-7660532CB8B8}.Release|Any CPU.ActiveCfg = Release|Any CPU
		{4A75BFD3-9BD8-4870-B34A-7660532CB8B8}.Release|Any CPU.Build.0 = Release|Any CPU
		{1C2B6616-3635-46FE-BD4B-1732DE9C8696}.Debug|Any CPU.ActiveCfg = Debug|Any CPU
		{1C2B6616-3635-46FE-BD4B-1732DE9C8696}.Debug|Any CPU.Build.0 = Debug|Any CPU
		{1C2B6616-3635-46FE-BD4B-1732DE9C8696}.Release|Any CPU.ActiveCfg = Release|Any CPU
		{1C2B6616-3635-46FE-BD4B-1732DE9C8696}.Release|Any CPU.Build.0 = Release|Any CPU
		{ABF292DA-126A-43BE-8934-D5D64F136A4D}.Debug|Any CPU.ActiveCfg = Debug|Any CPU
		{ABF292DA-126A-43BE-8934-D5D64F136A4D}.Debug|Any CPU.Build.0 = Debug|Any CPU
		{ABF292DA-126A-43BE-8934-D5D64F136A4D}.Release|Any CPU.ActiveCfg = Release|Any CPU
		{ABF292DA-126A-43BE-8934-D5D64F136A4D}.Release|Any CPU.Build.0 = Release|Any CPU
		{47CE65DB-D56A-4DA0-A80D-2E0816B1D291}.Debug|Any CPU.ActiveCfg = Debug|Any CPU
		{47CE65DB-D56A-4DA0-A80D-2E0816B1D291}.Debug|Any CPU.Build.0 = Debug|Any CPU
		{47CE65DB-D56A-4DA0-A80D-2E0816B1D291}.Release|Any CPU.ActiveCfg = Release|Any CPU
		{47CE65DB-D56A-4DA0-A80D-2E0816B1D291}.Release|Any CPU.Build.0 = Release|Any CPU
		{37068A99-08FA-4F47-985C-FA5F7F4394B8}.Debug|Any CPU.ActiveCfg = Debug|Any CPU
		{37068A99-08FA-4F47-985C-FA5F7F4394B8}.Debug|Any CPU.Build.0 = Debug|Any CPU
		{37068A99-08FA-4F47-985C-FA5F7F4394B8}.Release|Any CPU.ActiveCfg = Release|Any CPU
		{37068A99-08FA-4F47-985C-FA5F7F4394B8}.Release|Any CPU.Build.0 = Release|Any CPU
		{12D937F5-B7BC-4CCE-84FB-FECA8C24E8EB}.Debug|Any CPU.ActiveCfg = Debug|Any CPU
		{12D937F5-B7BC-4CCE-84FB-FECA8C24E8EB}.Debug|Any CPU.Build.0 = Debug|Any CPU
		{12D937F5-B7BC-4CCE-84FB-FECA8C24E8EB}.Release|Any CPU.ActiveCfg = Release|Any CPU
		{12D937F5-B7BC-4CCE-84FB-FECA8C24E8EB}.Release|Any CPU.Build.0 = Release|Any CPU
		{ED97245E-4D4A-404C-AC6A-F5CC5AF2CC53}.Debug|Any CPU.ActiveCfg = Debug|Any CPU
		{ED97245E-4D4A-404C-AC6A-F5CC5AF2CC53}.Debug|Any CPU.Build.0 = Debug|Any CPU
		{ED97245E-4D4A-404C-AC6A-F5CC5AF2CC53}.Release|Any CPU.ActiveCfg = Release|Any CPU
		{ED97245E-4D4A-404C-AC6A-F5CC5AF2CC53}.Release|Any CPU.Build.0 = Release|Any CPU
		{2E28945E-C92A-407D-BE31-CEFF563D590A}.Debug|Any CPU.ActiveCfg = Debug|Any CPU
		{2E28945E-C92A-407D-BE31-CEFF563D590A}.Debug|Any CPU.Build.0 = Debug|Any CPU
		{2E28945E-C92A-407D-BE31-CEFF563D590A}.Release|Any CPU.ActiveCfg = Release|Any CPU
		{2E28945E-C92A-407D-BE31-CEFF563D590A}.Release|Any CPU.Build.0 = Release|Any CPU
		{408772E9-C49A-4EEF-8905-9977FB3863D0}.Debug|Any CPU.ActiveCfg = Debug|Any CPU
		{408772E9-C49A-4EEF-8905-9977FB3863D0}.Debug|Any CPU.Build.0 = Debug|Any CPU
		{408772E9-C49A-4EEF-8905-9977FB3863D0}.Release|Any CPU.ActiveCfg = Release|Any CPU
		{408772E9-C49A-4EEF-8905-9977FB3863D0}.Release|Any CPU.Build.0 = Release|Any CPU
		{01484629-FCA3-4619-A625-3F3D7ADCC260}.Debug|Any CPU.ActiveCfg = Debug|Any CPU
		{01484629-FCA3-4619-A625-3F3D7ADCC260}.Debug|Any CPU.Build.0 = Debug|Any CPU
		{01484629-FCA3-4619-A625-3F3D7ADCC260}.Release|Any CPU.ActiveCfg = Release|Any CPU
		{01484629-FCA3-4619-A625-3F3D7ADCC260}.Release|Any CPU.Build.0 = Release|Any CPU
		{92EC0B85-0E1F-4960-BEDC-616DE258FC24}.Debug|Any CPU.ActiveCfg = Debug|Any CPU
		{92EC0B85-0E1F-4960-BEDC-616DE258FC24}.Debug|Any CPU.Build.0 = Debug|Any CPU
		{92EC0B85-0E1F-4960-BEDC-616DE258FC24}.Release|Any CPU.ActiveCfg = Release|Any CPU
		{92EC0B85-0E1F-4960-BEDC-616DE258FC24}.Release|Any CPU.Build.0 = Release|Any CPU
		{30CA1C30-92BD-417B-8A9C-D0AA8E61051C}.Debug|Any CPU.ActiveCfg = Debug|Any CPU
		{30CA1C30-92BD-417B-8A9C-D0AA8E61051C}.Debug|Any CPU.Build.0 = Debug|Any CPU
		{30CA1C30-92BD-417B-8A9C-D0AA8E61051C}.Release|Any CPU.ActiveCfg = Release|Any CPU
		{30CA1C30-92BD-417B-8A9C-D0AA8E61051C}.Release|Any CPU.Build.0 = Release|Any CPU
		{069E4E48-A2C7-4821-B0B4-EC1C2352F88E}.Debug|Any CPU.ActiveCfg = Debug|Any CPU
		{069E4E48-A2C7-4821-B0B4-EC1C2352F88E}.Debug|Any CPU.Build.0 = Debug|Any CPU
		{069E4E48-A2C7-4821-B0B4-EC1C2352F88E}.Release|Any CPU.ActiveCfg = Release|Any CPU
		{069E4E48-A2C7-4821-B0B4-EC1C2352F88E}.Release|Any CPU.Build.0 = Release|Any CPU
		{D7EA565E-1C2B-4095-ABAC-505E13D019D8}.Debug|Any CPU.ActiveCfg = Debug|Any CPU
		{D7EA565E-1C2B-4095-ABAC-505E13D019D8}.Debug|Any CPU.Build.0 = Debug|Any CPU
		{D7EA565E-1C2B-4095-ABAC-505E13D019D8}.Release|Any CPU.ActiveCfg = Release|Any CPU
		{D7EA565E-1C2B-4095-ABAC-505E13D019D8}.Release|Any CPU.Build.0 = Release|Any CPU
		{9223BE11-122C-4F77-8A47-3361AB918057}.Debug|Any CPU.ActiveCfg = Debug|Any CPU
		{9223BE11-122C-4F77-8A47-3361AB918057}.Debug|Any CPU.Build.0 = Debug|Any CPU
		{9223BE11-122C-4F77-8A47-3361AB918057}.Release|Any CPU.ActiveCfg = Release|Any CPU
		{9223BE11-122C-4F77-8A47-3361AB918057}.Release|Any CPU.Build.0 = Release|Any CPU
		{3CCD7370-3AB8-4917-B821-0DBE7C361834}.Debug|Any CPU.ActiveCfg = Debug|Any CPU
		{3CCD7370-3AB8-4917-B821-0DBE7C361834}.Debug|Any CPU.Build.0 = Debug|Any CPU
		{3CCD7370-3AB8-4917-B821-0DBE7C361834}.Release|Any CPU.ActiveCfg = Release|Any CPU
		{3CCD7370-3AB8-4917-B821-0DBE7C361834}.Release|Any CPU.Build.0 = Release|Any CPU
		{F30D4423-ADAB-4ABA-B9E1-E90A90C2A46B}.Debug|Any CPU.ActiveCfg = Debug|Any CPU
		{F30D4423-ADAB-4ABA-B9E1-E90A90C2A46B}.Debug|Any CPU.Build.0 = Debug|Any CPU
		{F30D4423-ADAB-4ABA-B9E1-E90A90C2A46B}.Release|Any CPU.ActiveCfg = Release|Any CPU
		{F30D4423-ADAB-4ABA-B9E1-E90A90C2A46B}.Release|Any CPU.Build.0 = Release|Any CPU
		{9A7AA74F-118C-47EF-AD4A-984C7131BC60}.Debug|Any CPU.ActiveCfg = Debug|Any CPU
		{9A7AA74F-118C-47EF-AD4A-984C7131BC60}.Debug|Any CPU.Build.0 = Debug|Any CPU
		{9A7AA74F-118C-47EF-AD4A-984C7131BC60}.Release|Any CPU.ActiveCfg = Release|Any CPU
		{9A7AA74F-118C-47EF-AD4A-984C7131BC60}.Release|Any CPU.Build.0 = Release|Any CPU
		{A2329447-E6A4-4E5C-8C7A-E794C3334E45}.Debug|Any CPU.ActiveCfg = Debug|Any CPU
		{A2329447-E6A4-4E5C-8C7A-E794C3334E45}.Debug|Any CPU.Build.0 = Debug|Any CPU
		{A2329447-E6A4-4E5C-8C7A-E794C3334E45}.Release|Any CPU.ActiveCfg = Release|Any CPU
		{A2329447-E6A4-4E5C-8C7A-E794C3334E45}.Release|Any CPU.Build.0 = Release|Any CPU
		{906DD315-BC97-431C-AA6E-F67CDB805477}.Debug|Any CPU.ActiveCfg = Debug|Any CPU
		{906DD315-BC97-431C-AA6E-F67CDB805477}.Debug|Any CPU.Build.0 = Debug|Any CPU
		{906DD315-BC97-431C-AA6E-F67CDB805477}.Release|Any CPU.ActiveCfg = Release|Any CPU
		{906DD315-BC97-431C-AA6E-F67CDB805477}.Release|Any CPU.Build.0 = Release|Any CPU
		{54BE8A04-F228-444F-B21C-42A214C440BC}.Debug|Any CPU.ActiveCfg = Debug|Any CPU
		{54BE8A04-F228-444F-B21C-42A214C440BC}.Debug|Any CPU.Build.0 = Debug|Any CPU
		{54BE8A04-F228-444F-B21C-42A214C440BC}.Release|Any CPU.ActiveCfg = Release|Any CPU
		{54BE8A04-F228-444F-B21C-42A214C440BC}.Release|Any CPU.Build.0 = Release|Any CPU
		{F90B3966-B7E5-456A-8C68-BC8E68F9EC01}.Debug|Any CPU.ActiveCfg = Debug|Any CPU
		{F90B3966-B7E5-456A-8C68-BC8E68F9EC01}.Debug|Any CPU.Build.0 = Debug|Any CPU
		{F90B3966-B7E5-456A-8C68-BC8E68F9EC01}.Release|Any CPU.ActiveCfg = Release|Any CPU
		{F90B3966-B7E5-456A-8C68-BC8E68F9EC01}.Release|Any CPU.Build.0 = Release|Any CPU
		{5F8ECC60-923A-4EDD-BF3D-24345FAE8421}.Debug|Any CPU.ActiveCfg = Debug|Any CPU
		{5F8ECC60-923A-4EDD-BF3D-24345FAE8421}.Debug|Any CPU.Build.0 = Debug|Any CPU
		{5F8ECC60-923A-4EDD-BF3D-24345FAE8421}.Release|Any CPU.ActiveCfg = Release|Any CPU
		{5F8ECC60-923A-4EDD-BF3D-24345FAE8421}.Release|Any CPU.Build.0 = Release|Any CPU
		{BFE17E89-EDC6-495F-9052-1149C13A010E}.Debug|Any CPU.ActiveCfg = Debug|Any CPU
		{BFE17E89-EDC6-495F-9052-1149C13A010E}.Debug|Any CPU.Build.0 = Debug|Any CPU
		{BFE17E89-EDC6-495F-9052-1149C13A010E}.Release|Any CPU.ActiveCfg = Release|Any CPU
		{BFE17E89-EDC6-495F-9052-1149C13A010E}.Release|Any CPU.Build.0 = Release|Any CPU
		{DCB6FC76-FCC6-40DC-840B-41227B159CBB}.Debug|Any CPU.ActiveCfg = Debug|Any CPU
		{DCB6FC76-FCC6-40DC-840B-41227B159CBB}.Debug|Any CPU.Build.0 = Debug|Any CPU
		{DCB6FC76-FCC6-40DC-840B-41227B159CBB}.Release|Any CPU.ActiveCfg = Release|Any CPU
		{DCB6FC76-FCC6-40DC-840B-41227B159CBB}.Release|Any CPU.Build.0 = Release|Any CPU
		{414AAB57-8BFE-4B74-B81E-489544C65B53}.Debug|Any CPU.ActiveCfg = Debug|Any CPU
		{414AAB57-8BFE-4B74-B81E-489544C65B53}.Debug|Any CPU.Build.0 = Debug|Any CPU
		{414AAB57-8BFE-4B74-B81E-489544C65B53}.Release|Any CPU.ActiveCfg = Release|Any CPU
		{414AAB57-8BFE-4B74-B81E-489544C65B53}.Release|Any CPU.Build.0 = Release|Any CPU
	EndGlobalSection
	GlobalSection(NestedProjects) = preSolution
		{F950D1EA-88C3-429A-8416-28CD4025D937} = {04CEED0D-BC58-41A0-BE07-EEA2E390CBCA}
		{ABF6D605-7B85-40BC-A3B8-6D0807962925} = {79F11BCD-6C26-49A9-A1C5-C31A033806D9}
		{71750756-110C-43CD-8CF2-19EB815B9953} = {ABF6D605-7B85-40BC-A3B8-6D0807962925}
		{7D268FC5-56D6-4F56-91AD-FCD052554DD1} = {ABF6D605-7B85-40BC-A3B8-6D0807962925}
		{6B49ECBE-234C-4632-A479-CD9EE9350A47} = {ABF6D605-7B85-40BC-A3B8-6D0807962925}
		{CA6B2108-BE22-44EE-92D2-22A97055B652} = {ABF6D605-7B85-40BC-A3B8-6D0807962925}
		{6DC3BA2A-4422-4C23-9903-4D14CBA9BB9C} = {04CEED0D-BC58-41A0-BE07-EEA2E390CBCA}
		{009C1CC0-75AA-4E8F-9F5A-D14988C78382} = {ABF6D605-7B85-40BC-A3B8-6D0807962925}
		{35D06BF1-B8C0-4C71-B995-8A95B198D28F} = {04CEED0D-BC58-41A0-BE07-EEA2E390CBCA}
		{4D9D7FC8-1037-49B9-AEC1-3D6F1783DA7D} = {04CEED0D-BC58-41A0-BE07-EEA2E390CBCA}
		{C9ED28D9-AD5F-41B1-B799-2CF790062F24} = {79F11BCD-6C26-49A9-A1C5-C31A033806D9}
		{4A75BFD3-9BD8-4870-B34A-7660532CB8B8} = {C9ED28D9-AD5F-41B1-B799-2CF790062F24}
		{1C2B6616-3635-46FE-BD4B-1732DE9C8696} = {C9ED28D9-AD5F-41B1-B799-2CF790062F24}
		{ABF292DA-126A-43BE-8934-D5D64F136A4D} = {C9ED28D9-AD5F-41B1-B799-2CF790062F24}
		{47CE65DB-D56A-4DA0-A80D-2E0816B1D291} = {C9ED28D9-AD5F-41B1-B799-2CF790062F24}
		{E27B76CF-BCAD-4AF0-84C2-75BF5F41AA38} = {79F11BCD-6C26-49A9-A1C5-C31A033806D9}
		{37068A99-08FA-4F47-985C-FA5F7F4394B8} = {E27B76CF-BCAD-4AF0-84C2-75BF5F41AA38}
		{12D937F5-B7BC-4CCE-84FB-FECA8C24E8EB} = {E27B76CF-BCAD-4AF0-84C2-75BF5F41AA38}
		{ED97245E-4D4A-404C-AC6A-F5CC5AF2CC53} = {E27B76CF-BCAD-4AF0-84C2-75BF5F41AA38}
		{2E28945E-C92A-407D-BE31-CEFF563D590A} = {E27B76CF-BCAD-4AF0-84C2-75BF5F41AA38}
		{33F713DB-01AE-4665-BBC2-E70187DA0D04} = {79F11BCD-6C26-49A9-A1C5-C31A033806D9}
		{408772E9-C49A-4EEF-8905-9977FB3863D0} = {33F713DB-01AE-4665-BBC2-E70187DA0D04}
		{01484629-FCA3-4619-A625-3F3D7ADCC260} = {33F713DB-01AE-4665-BBC2-E70187DA0D04}
		{92EC0B85-0E1F-4960-BEDC-616DE258FC24} = {33F713DB-01AE-4665-BBC2-E70187DA0D04}
		{30CA1C30-92BD-417B-8A9C-D0AA8E61051C} = {33F713DB-01AE-4665-BBC2-E70187DA0D04}
		{10886D17-5C03-407F-9DFB-5663F330D06A} = {79F11BCD-6C26-49A9-A1C5-C31A033806D9}
		{069E4E48-A2C7-4821-B0B4-EC1C2352F88E} = {10886D17-5C03-407F-9DFB-5663F330D06A}
		{D7EA565E-1C2B-4095-ABAC-505E13D019D8} = {10886D17-5C03-407F-9DFB-5663F330D06A}
		{9223BE11-122C-4F77-8A47-3361AB918057} = {10886D17-5C03-407F-9DFB-5663F330D06A}
		{3CCD7370-3AB8-4917-B821-0DBE7C361834} = {10886D17-5C03-407F-9DFB-5663F330D06A}
		{BF3EF9F0-FCA4-4B34-B097-C0C7727F8832} = {79F11BCD-6C26-49A9-A1C5-C31A033806D9}
		{F30D4423-ADAB-4ABA-B9E1-E90A90C2A46B} = {BF3EF9F0-FCA4-4B34-B097-C0C7727F8832}
		{9A7AA74F-118C-47EF-AD4A-984C7131BC60} = {BF3EF9F0-FCA4-4B34-B097-C0C7727F8832}
		{A2329447-E6A4-4E5C-8C7A-E794C3334E45} = {BF3EF9F0-FCA4-4B34-B097-C0C7727F8832}
		{906DD315-BC97-431C-AA6E-F67CDB805477} = {BF3EF9F0-FCA4-4B34-B097-C0C7727F8832}
		{54BE8A04-F228-444F-B21C-42A214C440BC} = {BF3EF9F0-FCA4-4B34-B097-C0C7727F8832}
		{F90B3966-B7E5-456A-8C68-BC8E68F9EC01} = {B85F13C7-389C-46FF-ADDD-3E092A00AB2E}
		{BD6A14D3-BDB0-43CA-B96F-5A72649E7CD7} = {B1111514-8D31-47C5-86A9-8164526D900D}
		{5F8ECC60-923A-4EDD-BF3D-24345FAE8421} = {BD6A14D3-BDB0-43CA-B96F-5A72649E7CD7}
		{BFE17E89-EDC6-495F-9052-1149C13A010E} = {BD6A14D3-BDB0-43CA-B96F-5A72649E7CD7}
		{DCB6FC76-FCC6-40DC-840B-41227B159CBB} = {BD6A14D3-BDB0-43CA-B96F-5A72649E7CD7}
		{414AAB57-8BFE-4B74-B81E-489544C65B53} = {BD6A14D3-BDB0-43CA-B96F-5A72649E7CD7}
	EndGlobalSection
EndGlobal
